
Microsoft Visual Studio Solution File, Format Version 12.00
# Visual Studio Version 16
VisualStudioVersion = 16.0.31515.178
MinimumVisualStudioVersion = 10.0.40219.1
Project("{2150E333-8FDC-42A3-9474-1A3956D46DE8}") = "src", "src", "{83083294-80EE-4BF1-A922-E49DABF6E757}"
EndProject
Project("{2150E333-8FDC-42A3-9474-1A3956D46DE8}") = "tests", "tests", "{C3DCD04D-75F2-456A-AF87-BC73A06AE698}"
EndProject
Project("{2150E333-8FDC-42A3-9474-1A3956D46DE8}") = "Examination", "Examination", "{FEE55B4D-A118-44A6-B152-77352FE0ED96}"
EndProject
Project("{9A19103F-16F7-4668-BE54-9A1E7A4F7556}") = "Examination.API", "src\Examination\Examination.API\Examination.API.csproj", "{3B8C1C52-FB2D-4EC0-94EC-E00D0505C061}"
EndProject
Project("{9A19103F-16F7-4668-BE54-9A1E7A4F7556}") = "Examination.Application", "src\Examination\Examination.Application\Examination.Application.csproj", "{F102E478-E4A1-4406-9B76-342F4E4CCFF9}"
EndProject
Project("{9A19103F-16F7-4668-BE54-9A1E7A4F7556}") = "Examination.Domain", "src\Examination\Examination.Domain\Examination.Domain.csproj", "{4CAFD956-8244-487B-9543-62152EFFA73A}"
EndProject
Project("{9A19103F-16F7-4668-BE54-9A1E7A4F7556}") = "Examination.Infrastructure", "src\Examination\Examination.Infrastructure\Examination.Infrastructure.csproj", "{1E5892C4-1815-46B0-ACA7-08CDA0AB7C63}"
EndProject
Project("{2150E333-8FDC-42A3-9474-1A3956D46DE8}") = "Examination", "Examination", "{33D43CA4-2E8C-4A62-B68F-A04A7E8746CE}"
EndProject
Project("{9A19103F-16F7-4668-BE54-9A1E7A4F7556}") = "Examination.API.IntegrationTests", "tests\Examination\Examination.API.IntegrationTests\Examination.API.IntegrationTests.csproj", "{EB709DF4-856B-4EC7-937E-0F0C40A899D1}"
EndProject
Project("{9A19103F-16F7-4668-BE54-9A1E7A4F7556}") = "Examination.Application.UnitTests", "tests\Examination\Examination.Application.UnitTests\Examination.Application.UnitTests.csproj", "{CD6B6FF9-5D80-47C2-B960-2372EF397354}"
EndProject
Project("{9A19103F-16F7-4668-BE54-9A1E7A4F7556}") = "Examination.Domain.UnitTests", "tests\Examination\Examination.Domain.UnitTests\Examination.Domain.UnitTests.csproj", "{143C23D9-22EA-46DD-A97F-4E29CC22FEA4}"
EndProject
Project("{9A19103F-16F7-4668-BE54-9A1E7A4F7556}") = "Examination.Infrastructure.IntegrationTests", "tests\Examination\Examination.Infrastructure.IntegrationTests\Examination.Infrastructure.IntegrationTests.csproj", "{3A3BF21B-396D-426F-BB11-EAB895F12479}"
EndProject
Project("{2150E333-8FDC-42A3-9474-1A3956D46DE8}") = "Identity", "Identity", "{FA8AE3C9-C957-4433-BB9F-4309E42D9786}"
EndProject
Project("{9A19103F-16F7-4668-BE54-9A1E7A4F7556}") = "Identity.API.IntegrationTests", "tests\Identity\Identity.API.IntegrationTests\Identity.API.IntegrationTests.csproj", "{9C124956-1113-4DB0-9BDB-AF0FFCC0FD33}"
EndProject
Project("{2150E333-8FDC-42A3-9474-1A3956D46DE8}") = "Identity", "Identity", "{F879BC52-25ED-4EAE-A5BA-4D1C3005D5DD}"
EndProject
Project("{2150E333-8FDC-42A3-9474-1A3956D46DE8}") = "BuildingBlocks", "BuildingBlocks", "{94FD99E9-1C15-4BBB-A9B7-295FA0394164}"
EndProject
Project("{9A19103F-16F7-4668-BE54-9A1E7A4F7556}") = "Examination.Dtos", "src\BuildingBlocks\Examination.Dtos\Examination.Dtos.csproj", "{ADB5EBE7-35D0-44C3-A037-FA39964F03BA}"
EndProject
Project("{9A19103F-16F7-4668-BE54-9A1E7A4F7556}") = "Identity.Admin", "src\Identity\Identity.Admin\Identity.Admin.csproj", "{1BE28BDC-B440-4513-8810-E5E1AEFD360F}"
EndProject
Project("{9A19103F-16F7-4668-BE54-9A1E7A4F7556}") = "Identity.Admin.Api", "src\Identity\Identity.Admin.Api\Identity.Admin.Api.csproj", "{E3B2B017-DB27-4A72-A0F4-A4E67163D577}"
EndProject
Project("{9A19103F-16F7-4668-BE54-9A1E7A4F7556}") = "Identity.Admin.BusinessLogic", "src\Identity\Identity.Admin.BusinessLogic\Identity.Admin.BusinessLogic.csproj", "{B37DC200-FC71-4FBD-9130-6123E8E02101}"
EndProject
Project("{9A19103F-16F7-4668-BE54-9A1E7A4F7556}") = "Identity.Admin.BusinessLogic.Identity", "src\Identity\Identity.Admin.BusinessLogic.Identity\Identity.Admin.BusinessLogic.Identity.csproj", "{DCCBF0B5-E121-4DF6-80AA-D9D2E95A8F5D}"
EndProject
Project("{9A19103F-16F7-4668-BE54-9A1E7A4F7556}") = "Identity.Admin.BusinessLogic.Shared", "src\Identity\Identity.Admin.BusinessLogic.Shared\Identity.Admin.BusinessLogic.Shared.csproj", "{700EB18A-B901-4440-969D-5555796E3E7F}"
EndProject
Project("{9A19103F-16F7-4668-BE54-9A1E7A4F7556}") = "Identity.Admin.EntityFramework", "src\Identity\Identity.Admin.EntityFramework\Identity.Admin.EntityFramework.csproj", "{21930748-1C1F-4629-8221-CE3B95A8FC4D}"
EndProject
Project("{9A19103F-16F7-4668-BE54-9A1E7A4F7556}") = "Identity.Admin.EntityFramework.Configuration", "src\Identity\Identity.Admin.EntityFramework.Configuration\Identity.Admin.EntityFramework.Configuration.csproj", "{D60AC794-273D-4AAB-9595-75BA7AF8D5BE}"
EndProject
Project("{9A19103F-16F7-4668-BE54-9A1E7A4F7556}") = "Identity.EntityFramework.Extensions", "src\Identity\Identity.Admin.EntityFramework.Extensions\Identity.EntityFramework.Extensions.csproj", "{F1D77206-4462-4A32-A50E-0552F63CA33F}"
EndProject
Project("{9A19103F-16F7-4668-BE54-9A1E7A4F7556}") = "Identity.Admin.EntityFramework.Identity", "src\Identity\Identity.Admin.EntityFramework.Identity\Identity.Admin.EntityFramework.Identity.csproj", "{DAAA69BF-B8C2-4FAF-8411-A686DB160E62}"
EndProject
Project("{9A19103F-16F7-4668-BE54-9A1E7A4F7556}") = "Identity.Admin.EntityFramework.Shared", "src\Identity\Identity.Admin.EntityFramework.Shared\Identity.Admin.EntityFramework.Shared.csproj", "{C16A2664-B855-4B8C-B9BB-03BC00A1AE09}"
EndProject
Project("{9A19103F-16F7-4668-BE54-9A1E7A4F7556}") = "Identity.Admin.EntityFramework.SqlServer", "src\Identity\Identity.Admin.EntityFramework.SqlServer\Identity.Admin.EntityFramework.SqlServer.csproj", "{691BC7FD-AB16-49B2-A2A6-152035B22DE1}"
EndProject
Project("{9A19103F-16F7-4668-BE54-9A1E7A4F7556}") = "Identity.Admin.UI", "src\Identity\Identity.Admin.UI\Identity.Admin.UI.csproj", "{E8378E55-DE28-4426-BFCB-7E0660F0C757}"
EndProject
Project("{9A19103F-16F7-4668-BE54-9A1E7A4F7556}") = "Identity.Shared", "src\Identity\Identity.Shared\Identity.Shared.csproj", "{5FF8D57A-B6B5-4C76-BD73-E0C6F9BC7760}"
EndProject
Project("{9A19103F-16F7-4668-BE54-9A1E7A4F7556}") = "Identity.Shared.Configuration", "src\Identity\Identity.Shared.Configuration\Identity.Shared.Configuration.csproj", "{489DE88A-C105-427E-AAD9-7375B5BA9A83}"
EndProject
Project("{9A19103F-16F7-4668-BE54-9A1E7A4F7556}") = "Identity.STS.Identity", "src\Identity\Identity.STS.Identity\Identity.STS.Identity.csproj", "{0257ADFE-5929-4B2F-9966-7D7F0AE5C6DE}"
EndProject
Project("{9A19103F-16F7-4668-BE54-9A1E7A4F7556}") = "Identity.Admin.EntityFramework.MySql", "src\Identity\Identity.Admin.EntityFramework.MySql\Identity.Admin.EntityFramework.MySql.csproj", "{63A0FF18-E053-4B93-8E27-0C7B8B718E65}"
EndProject
Project("{9A19103F-16F7-4668-BE54-9A1E7A4F7556}") = "Identity.Admin.EntityFramework.PostgreSQL", "src\Identity\Identity.Admin.EntityFramework.PostgreSQL\Identity.Admin.EntityFramework.PostgreSQL.csproj", "{B1B41E9E-BD1C-4CDD-A9B9-76398F8CC8FB}"
EndProject
Project("{2150E333-8FDC-42A3-9474-1A3956D46DE8}") = "Services", "Services", "{6CAF4EB8-057F-4324-8D8C-31F88FC3DEF7}"
EndProject
Project("{2150E333-8FDC-42A3-9474-1A3956D46DE8}") = "WebApps", "WebApps", "{CD0A5B7B-4269-423D-B1EF-93AEA815F970}"
EndProject
Project("{9A19103F-16F7-4668-BE54-9A1E7A4F7556}") = "AdminApp", "src\WebApps\AdminApp\AdminApp.csproj", "{DFCD1BAC-5ABB-4FE7-B3BC-88F35BC9AEAF}"
EndProject
Global
	GlobalSection(SolutionConfigurationPlatforms) = preSolution
		Debug|Any CPU = Debug|Any CPU
		Release|Any CPU = Release|Any CPU
	EndGlobalSection
	GlobalSection(ProjectConfigurationPlatforms) = postSolution
		{3B8C1C52-FB2D-4EC0-94EC-E00D0505C061}.Debug|Any CPU.ActiveCfg = Debug|Any CPU
		{3B8C1C52-FB2D-4EC0-94EC-E00D0505C061}.Debug|Any CPU.Build.0 = Debug|Any CPU
		{3B8C1C52-FB2D-4EC0-94EC-E00D0505C061}.Release|Any CPU.ActiveCfg = Release|Any CPU
		{3B8C1C52-FB2D-4EC0-94EC-E00D0505C061}.Release|Any CPU.Build.0 = Release|Any CPU
		{F102E478-E4A1-4406-9B76-342F4E4CCFF9}.Debug|Any CPU.ActiveCfg = Debug|Any CPU
		{F102E478-E4A1-4406-9B76-342F4E4CCFF9}.Debug|Any CPU.Build.0 = Debug|Any CPU
		{F102E478-E4A1-4406-9B76-342F4E4CCFF9}.Release|Any CPU.ActiveCfg = Release|Any CPU
		{F102E478-E4A1-4406-9B76-342F4E4CCFF9}.Release|Any CPU.Build.0 = Release|Any CPU
		{4CAFD956-8244-487B-9543-62152EFFA73A}.Debug|Any CPU.ActiveCfg = Debug|Any CPU
		{4CAFD956-8244-487B-9543-62152EFFA73A}.Debug|Any CPU.Build.0 = Debug|Any CPU
		{4CAFD956-8244-487B-9543-62152EFFA73A}.Release|Any CPU.ActiveCfg = Release|Any CPU
		{4CAFD956-8244-487B-9543-62152EFFA73A}.Release|Any CPU.Build.0 = Release|Any CPU
		{1E5892C4-1815-46B0-ACA7-08CDA0AB7C63}.Debug|Any CPU.ActiveCfg = Debug|Any CPU
		{1E5892C4-1815-46B0-ACA7-08CDA0AB7C63}.Debug|Any CPU.Build.0 = Debug|Any CPU
		{1E5892C4-1815-46B0-ACA7-08CDA0AB7C63}.Release|Any CPU.ActiveCfg = Release|Any CPU
		{1E5892C4-1815-46B0-ACA7-08CDA0AB7C63}.Release|Any CPU.Build.0 = Release|Any CPU
		{EB709DF4-856B-4EC7-937E-0F0C40A899D1}.Debug|Any CPU.ActiveCfg = Debug|Any CPU
		{EB709DF4-856B-4EC7-937E-0F0C40A899D1}.Debug|Any CPU.Build.0 = Debug|Any CPU
		{EB709DF4-856B-4EC7-937E-0F0C40A899D1}.Release|Any CPU.ActiveCfg = Release|Any CPU
		{EB709DF4-856B-4EC7-937E-0F0C40A899D1}.Release|Any CPU.Build.0 = Release|Any CPU
		{CD6B6FF9-5D80-47C2-B960-2372EF397354}.Debug|Any CPU.ActiveCfg = Debug|Any CPU
		{CD6B6FF9-5D80-47C2-B960-2372EF397354}.Debug|Any CPU.Build.0 = Debug|Any CPU
		{CD6B6FF9-5D80-47C2-B960-2372EF397354}.Release|Any CPU.ActiveCfg = Release|Any CPU
		{CD6B6FF9-5D80-47C2-B960-2372EF397354}.Release|Any CPU.Build.0 = Release|Any CPU
		{143C23D9-22EA-46DD-A97F-4E29CC22FEA4}.Debug|Any CPU.ActiveCfg = Debug|Any CPU
		{143C23D9-22EA-46DD-A97F-4E29CC22FEA4}.Debug|Any CPU.Build.0 = Debug|Any CPU
		{143C23D9-22EA-46DD-A97F-4E29CC22FEA4}.Release|Any CPU.ActiveCfg = Release|Any CPU
		{143C23D9-22EA-46DD-A97F-4E29CC22FEA4}.Release|Any CPU.Build.0 = Release|Any CPU
		{3A3BF21B-396D-426F-BB11-EAB895F12479}.Debug|Any CPU.ActiveCfg = Debug|Any CPU
		{3A3BF21B-396D-426F-BB11-EAB895F12479}.Debug|Any CPU.Build.0 = Debug|Any CPU
		{3A3BF21B-396D-426F-BB11-EAB895F12479}.Release|Any CPU.ActiveCfg = Release|Any CPU
		{3A3BF21B-396D-426F-BB11-EAB895F12479}.Release|Any CPU.Build.0 = Release|Any CPU
		{9C124956-1113-4DB0-9BDB-AF0FFCC0FD33}.Debug|Any CPU.ActiveCfg = Debug|Any CPU
		{9C124956-1113-4DB0-9BDB-AF0FFCC0FD33}.Debug|Any CPU.Build.0 = Debug|Any CPU
		{9C124956-1113-4DB0-9BDB-AF0FFCC0FD33}.Release|Any CPU.ActiveCfg = Release|Any CPU
		{9C124956-1113-4DB0-9BDB-AF0FFCC0FD33}.Release|Any CPU.Build.0 = Release|Any CPU
		{ADB5EBE7-35D0-44C3-A037-FA39964F03BA}.Debug|Any CPU.ActiveCfg = Debug|Any CPU
		{ADB5EBE7-35D0-44C3-A037-FA39964F03BA}.Debug|Any CPU.Build.0 = Debug|Any CPU
		{ADB5EBE7-35D0-44C3-A037-FA39964F03BA}.Release|Any CPU.ActiveCfg = Release|Any CPU
		{ADB5EBE7-35D0-44C3-A037-FA39964F03BA}.Release|Any CPU.Build.0 = Release|Any CPU
		{1BE28BDC-B440-4513-8810-E5E1AEFD360F}.Debug|Any CPU.ActiveCfg = Debug|Any CPU
		{1BE28BDC-B440-4513-8810-E5E1AEFD360F}.Debug|Any CPU.Build.0 = Debug|Any CPU
		{1BE28BDC-B440-4513-8810-E5E1AEFD360F}.Release|Any CPU.ActiveCfg = Release|Any CPU
		{1BE28BDC-B440-4513-8810-E5E1AEFD360F}.Release|Any CPU.Build.0 = Release|Any CPU
		{E3B2B017-DB27-4A72-A0F4-A4E67163D577}.Debug|Any CPU.ActiveCfg = Debug|Any CPU
		{E3B2B017-DB27-4A72-A0F4-A4E67163D577}.Debug|Any CPU.Build.0 = Debug|Any CPU
		{E3B2B017-DB27-4A72-A0F4-A4E67163D577}.Release|Any CPU.ActiveCfg = Release|Any CPU
		{E3B2B017-DB27-4A72-A0F4-A4E67163D577}.Release|Any CPU.Build.0 = Release|Any CPU
		{B37DC200-FC71-4FBD-9130-6123E8E02101}.Debug|Any CPU.ActiveCfg = Debug|Any CPU
		{B37DC200-FC71-4FBD-9130-6123E8E02101}.Debug|Any CPU.Build.0 = Debug|Any CPU
		{B37DC200-FC71-4FBD-9130-6123E8E02101}.Release|Any CPU.ActiveCfg = Release|Any CPU
		{B37DC200-FC71-4FBD-9130-6123E8E02101}.Release|Any CPU.Build.0 = Release|Any CPU
		{DCCBF0B5-E121-4DF6-80AA-D9D2E95A8F5D}.Debug|Any CPU.ActiveCfg = Debug|Any CPU
		{DCCBF0B5-E121-4DF6-80AA-D9D2E95A8F5D}.Debug|Any CPU.Build.0 = Debug|Any CPU
		{DCCBF0B5-E121-4DF6-80AA-D9D2E95A8F5D}.Release|Any CPU.ActiveCfg = Release|Any CPU
		{DCCBF0B5-E121-4DF6-80AA-D9D2E95A8F5D}.Release|Any CPU.Build.0 = Release|Any CPU
		{700EB18A-B901-4440-969D-5555796E3E7F}.Debug|Any CPU.ActiveCfg = Debug|Any CPU
		{700EB18A-B901-4440-969D-5555796E3E7F}.Debug|Any CPU.Build.0 = Debug|Any CPU
		{700EB18A-B901-4440-969D-5555796E3E7F}.Release|Any CPU.ActiveCfg = Release|Any CPU
		{700EB18A-B901-4440-969D-5555796E3E7F}.Release|Any CPU.Build.0 = Release|Any CPU
		{21930748-1C1F-4629-8221-CE3B95A8FC4D}.Debug|Any CPU.ActiveCfg = Debug|Any CPU
		{21930748-1C1F-4629-8221-CE3B95A8FC4D}.Debug|Any CPU.Build.0 = Debug|Any CPU
		{21930748-1C1F-4629-8221-CE3B95A8FC4D}.Release|Any CPU.ActiveCfg = Release|Any CPU
		{21930748-1C1F-4629-8221-CE3B95A8FC4D}.Release|Any CPU.Build.0 = Release|Any CPU
		{D60AC794-273D-4AAB-9595-75BA7AF8D5BE}.Debug|Any CPU.ActiveCfg = Debug|Any CPU
		{D60AC794-273D-4AAB-9595-75BA7AF8D5BE}.Debug|Any CPU.Build.0 = Debug|Any CPU
		{D60AC794-273D-4AAB-9595-75BA7AF8D5BE}.Release|Any CPU.ActiveCfg = Release|Any CPU
		{D60AC794-273D-4AAB-9595-75BA7AF8D5BE}.Release|Any CPU.Build.0 = Release|Any CPU
		{F1D77206-4462-4A32-A50E-0552F63CA33F}.Debug|Any CPU.ActiveCfg = Debug|Any CPU
		{F1D77206-4462-4A32-A50E-0552F63CA33F}.Debug|Any CPU.Build.0 = Debug|Any CPU
		{F1D77206-4462-4A32-A50E-0552F63CA33F}.Release|Any CPU.ActiveCfg = Release|Any CPU
		{F1D77206-4462-4A32-A50E-0552F63CA33F}.Release|Any CPU.Build.0 = Release|Any CPU
		{DAAA69BF-B8C2-4FAF-8411-A686DB160E62}.Debug|Any CPU.ActiveCfg = Debug|Any CPU
		{DAAA69BF-B8C2-4FAF-8411-A686DB160E62}.Debug|Any CPU.Build.0 = Debug|Any CPU
		{DAAA69BF-B8C2-4FAF-8411-A686DB160E62}.Release|Any CPU.ActiveCfg = Release|Any CPU
		{DAAA69BF-B8C2-4FAF-8411-A686DB160E62}.Release|Any CPU.Build.0 = Release|Any CPU
		{C16A2664-B855-4B8C-B9BB-03BC00A1AE09}.Debug|Any CPU.ActiveCfg = Debug|Any CPU
		{C16A2664-B855-4B8C-B9BB-03BC00A1AE09}.Debug|Any CPU.Build.0 = Debug|Any CPU
		{C16A2664-B855-4B8C-B9BB-03BC00A1AE09}.Release|Any CPU.ActiveCfg = Release|Any CPU
		{C16A2664-B855-4B8C-B9BB-03BC00A1AE09}.Release|Any CPU.Build.0 = Release|Any CPU
		{691BC7FD-AB16-49B2-A2A6-152035B22DE1}.Debug|Any CPU.ActiveCfg = Debug|Any CPU
		{691BC7FD-AB16-49B2-A2A6-152035B22DE1}.Debug|Any CPU.Build.0 = Debug|Any CPU
		{691BC7FD-AB16-49B2-A2A6-152035B22DE1}.Release|Any CPU.ActiveCfg = Release|Any CPU
		{691BC7FD-AB16-49B2-A2A6-152035B22DE1}.Release|Any CPU.Build.0 = Release|Any CPU
		{E8378E55-DE28-4426-BFCB-7E0660F0C757}.Debug|Any CPU.ActiveCfg = Debug|Any CPU
		{E8378E55-DE28-4426-BFCB-7E0660F0C757}.Debug|Any CPU.Build.0 = Debug|Any CPU
		{E8378E55-DE28-4426-BFCB-7E0660F0C757}.Release|Any CPU.ActiveCfg = Release|Any CPU
		{E8378E55-DE28-4426-BFCB-7E0660F0C757}.Release|Any CPU.Build.0 = Release|Any CPU
		{5FF8D57A-B6B5-4C76-BD73-E0C6F9BC7760}.Debug|Any CPU.ActiveCfg = Debug|Any CPU
		{5FF8D57A-B6B5-4C76-BD73-E0C6F9BC7760}.Debug|Any CPU.Build.0 = Debug|Any CPU
		{5FF8D57A-B6B5-4C76-BD73-E0C6F9BC7760}.Release|Any CPU.ActiveCfg = Release|Any CPU
		{5FF8D57A-B6B5-4C76-BD73-E0C6F9BC7760}.Release|Any CPU.Build.0 = Release|Any CPU
		{489DE88A-C105-427E-AAD9-7375B5BA9A83}.Debug|Any CPU.ActiveCfg = Debug|Any CPU
		{489DE88A-C105-427E-AAD9-7375B5BA9A83}.Debug|Any CPU.Build.0 = Debug|Any CPU
		{489DE88A-C105-427E-AAD9-7375B5BA9A83}.Release|Any CPU.ActiveCfg = Release|Any CPU
		{489DE88A-C105-427E-AAD9-7375B5BA9A83}.Release|Any CPU.Build.0 = Release|Any CPU
		{0257ADFE-5929-4B2F-9966-7D7F0AE5C6DE}.Debug|Any CPU.ActiveCfg = Debug|Any CPU
		{0257ADFE-5929-4B2F-9966-7D7F0AE5C6DE}.Debug|Any CPU.Build.0 = Debug|Any CPU
		{0257ADFE-5929-4B2F-9966-7D7F0AE5C6DE}.Release|Any CPU.ActiveCfg = Release|Any CPU
		{0257ADFE-5929-4B2F-9966-7D7F0AE5C6DE}.Release|Any CPU.Build.0 = Release|Any CPU
		{63A0FF18-E053-4B93-8E27-0C7B8B718E65}.Debug|Any CPU.ActiveCfg = Debug|Any CPU
		{63A0FF18-E053-4B93-8E27-0C7B8B718E65}.Debug|Any CPU.Build.0 = Debug|Any CPU
		{63A0FF18-E053-4B93-8E27-0C7B8B718E65}.Release|Any CPU.ActiveCfg = Release|Any CPU
		{63A0FF18-E053-4B93-8E27-0C7B8B718E65}.Release|Any CPU.Build.0 = Release|Any CPU
		{B1B41E9E-BD1C-4CDD-A9B9-76398F8CC8FB}.Debug|Any CPU.ActiveCfg = Debug|Any CPU
		{B1B41E9E-BD1C-4CDD-A9B9-76398F8CC8FB}.Debug|Any CPU.Build.0 = Debug|Any CPU
		{B1B41E9E-BD1C-4CDD-A9B9-76398F8CC8FB}.Release|Any CPU.ActiveCfg = Release|Any CPU
		{B1B41E9E-BD1C-4CDD-A9B9-76398F8CC8FB}.Release|Any CPU.Build.0 = Release|Any CPU
		{DFCD1BAC-5ABB-4FE7-B3BC-88F35BC9AEAF}.Debug|Any CPU.ActiveCfg = Debug|Any CPU
		{DFCD1BAC-5ABB-4FE7-B3BC-88F35BC9AEAF}.Debug|Any CPU.Build.0 = Debug|Any CPU
		{DFCD1BAC-5ABB-4FE7-B3BC-88F35BC9AEAF}.Release|Any CPU.ActiveCfg = Release|Any CPU
		{DFCD1BAC-5ABB-4FE7-B3BC-88F35BC9AEAF}.Release|Any CPU.Build.0 = Release|Any CPU
	EndGlobalSection
	GlobalSection(SolutionProperties) = preSolution
		HideSolutionNode = FALSE
	EndGlobalSection
	GlobalSection(NestedProjects) = preSolution
		{FEE55B4D-A118-44A6-B152-77352FE0ED96} = {6CAF4EB8-057F-4324-8D8C-31F88FC3DEF7}
		{3B8C1C52-FB2D-4EC0-94EC-E00D0505C061} = {FEE55B4D-A118-44A6-B152-77352FE0ED96}
		{F102E478-E4A1-4406-9B76-342F4E4CCFF9} = {FEE55B4D-A118-44A6-B152-77352FE0ED96}
		{4CAFD956-8244-487B-9543-62152EFFA73A} = {FEE55B4D-A118-44A6-B152-77352FE0ED96}
		{1E5892C4-1815-46B0-ACA7-08CDA0AB7C63} = {FEE55B4D-A118-44A6-B152-77352FE0ED96}
		{33D43CA4-2E8C-4A62-B68F-A04A7E8746CE} = {C3DCD04D-75F2-456A-AF87-BC73A06AE698}
		{EB709DF4-856B-4EC7-937E-0F0C40A899D1} = {33D43CA4-2E8C-4A62-B68F-A04A7E8746CE}
		{CD6B6FF9-5D80-47C2-B960-2372EF397354} = {33D43CA4-2E8C-4A62-B68F-A04A7E8746CE}
		{143C23D9-22EA-46DD-A97F-4E29CC22FEA4} = {33D43CA4-2E8C-4A62-B68F-A04A7E8746CE}
		{3A3BF21B-396D-426F-BB11-EAB895F12479} = {33D43CA4-2E8C-4A62-B68F-A04A7E8746CE}
		{FA8AE3C9-C957-4433-BB9F-4309E42D9786} = {C3DCD04D-75F2-456A-AF87-BC73A06AE698}
		{9C124956-1113-4DB0-9BDB-AF0FFCC0FD33} = {FA8AE3C9-C957-4433-BB9F-4309E42D9786}
		{F879BC52-25ED-4EAE-A5BA-4D1C3005D5DD} = {6CAF4EB8-057F-4324-8D8C-31F88FC3DEF7}
		{94FD99E9-1C15-4BBB-A9B7-295FA0394164} = {83083294-80EE-4BF1-A922-E49DABF6E757}
		{ADB5EBE7-35D0-44C3-A037-FA39964F03BA} = {94FD99E9-1C15-4BBB-A9B7-295FA0394164}
		{1BE28BDC-B440-4513-8810-E5E1AEFD360F} = {F879BC52-25ED-4EAE-A5BA-4D1C3005D5DD}
		{E3B2B017-DB27-4A72-A0F4-A4E67163D577} = {F879BC52-25ED-4EAE-A5BA-4D1C3005D5DD}
		{B37DC200-FC71-4FBD-9130-6123E8E02101} = {F879BC52-25ED-4EAE-A5BA-4D1C3005D5DD}
		{DCCBF0B5-E121-4DF6-80AA-D9D2E95A8F5D} = {F879BC52-25ED-4EAE-A5BA-4D1C3005D5DD}
		{700EB18A-B901-4440-969D-5555796E3E7F} = {F879BC52-25ED-4EAE-A5BA-4D1C3005D5DD}
		{21930748-1C1F-4629-8221-CE3B95A8FC4D} = {F879BC52-25ED-4EAE-A5BA-4D1C3005D5DD}
		{D60AC794-273D-4AAB-9595-75BA7AF8D5BE} = {F879BC52-25ED-4EAE-A5BA-4D1C3005D5DD}
		{F1D77206-4462-4A32-A50E-0552F63CA33F} = {F879BC52-25ED-4EAE-A5BA-4D1C3005D5DD}
		{DAAA69BF-B8C2-4FAF-8411-A686DB160E62} = {F879BC52-25ED-4EAE-A5BA-4D1C3005D5DD}
		{C16A2664-B855-4B8C-B9BB-03BC00A1AE09} = {F879BC52-25ED-4EAE-A5BA-4D1C3005D5DD}
		{691BC7FD-AB16-49B2-A2A6-152035B22DE1} = {F879BC52-25ED-4EAE-A5BA-4D1C3005D5DD}
		{E8378E55-DE28-4426-BFCB-7E0660F0C757} = {F879BC52-25ED-4EAE-A5BA-4D1C3005D5DD}
		{5FF8D57A-B6B5-4C76-BD73-E0C6F9BC7760} = {F879BC52-25ED-4EAE-A5BA-4D1C3005D5DD}
		{489DE88A-C105-427E-AAD9-7375B5BA9A83} = {F879BC52-25ED-4EAE-A5BA-4D1C3005D5DD}
		{0257ADFE-5929-4B2F-9966-7D7F0AE5C6DE} = {F879BC52-25ED-4EAE-A5BA-4D1C3005D5DD}
		{63A0FF18-E053-4B93-8E27-0C7B8B718E65} = {F879BC52-25ED-4EAE-A5BA-4D1C3005D5DD}
		{B1B41E9E-BD1C-4CDD-A9B9-76398F8CC8FB} = {F879BC52-25ED-4EAE-A5BA-4D1C3005D5DD}
		{6CAF4EB8-057F-4324-8D8C-31F88FC3DEF7} = {83083294-80EE-4BF1-A922-E49DABF6E757}
		{CD0A5B7B-4269-423D-B1EF-93AEA815F970} = {83083294-80EE-4BF1-A922-E49DABF6E757}
		{DFCD1BAC-5ABB-4FE7-B3BC-88F35BC9AEAF} = {CD0A5B7B-4269-423D-B1EF-93AEA815F970}
	EndGlobalSection
	GlobalSection(ExtensibilityGlobals) = postSolution
		SolutionGuid = {78F7588A-D846-49E4-A9BB-B427AF73DE8A}
	EndGlobalSection
EndGlobal
